
Microsoft Visual Studio Solution File, Format Version 12.00
# Visual Studio Version 16
VisualStudioVersion = 16.0.31624.102
MinimumVisualStudioVersion = 10.0.40219.1
Project("{FAE04EC0-301F-11D3-BF4B-00C04F79EFBC}") = "Lab4_nhom28", "Lab4_nhom28\Lab4_nhom28.csproj", "{84DC5646-1F40-408B-B073-4AC4983C1367}"
EndProject
Global
	GlobalSection(SolutionConfigurationPlatforms) = preSolution
		Debug|Any CPU = Debug|Any CPU
		Release|Any CPU = Release|Any CPU
	EndGlobalSection
	GlobalSection(ProjectConfigurationPlatforms) = postSolution
		{84DC5646-1F40-408B-B073-4AC4983C1367}.Debug|Any CPU.ActiveCfg = Debug|Any CPU
		{84DC5646-1F40-408B-B073-4AC4983C1367}.Debug|Any CPU.Build.0 = Debug|Any CPU
		{84DC5646-1F40-408B-B073-4AC4983C1367}.Release|Any CPU.ActiveCfg = Release|Any CPU
		{84DC5646-1F40-408B-B073-4AC4983C1367}.Release|Any CPU.Build.0 = Release|Any CPU
	EndGlobalSection
	GlobalSection(SolutionProperties) = preSolution
		HideSolutionNode = FALSE
	EndGlobalSection
	GlobalSection(ExtensibilityGlobals) = postSolution
		SolutionGuid = {1E2CDEB1-F423-415A-9306-9523722EDE91}
	EndGlobalSection
EndGlobal
